// !$*UTF8*$!
{
	archiveVersion = 1;
	classes = {
	};
	objectVersion = 46;
	objects = {

/* Begin PBXBuildFile section */
		C1951BC01AC808AC00A6AD6F /* main.m in Sources */ = {isa = PBXBuildFile; fileRef = C1951BBF1AC808AC00A6AD6F /* main.m */; };
		C1951BC31AC808AC00A6AD6F /* AppDelegate.m in Sources */ = {isa = PBXBuildFile; fileRef = C1951BC21AC808AC00A6AD6F /* AppDelegate.m */; };
		C1951BC61AC808AC00A6AD6F /* ViewController.m in Sources */ = {isa = PBXBuildFile; fileRef = C1951BC51AC808AC00A6AD6F /* ViewController.m */; };
		C1951BC91AC808AC00A6AD6F /* Main.storyboard in Resources */ = {isa = PBXBuildFile; fileRef = C1951BC71AC808AC00A6AD6F /* Main.storyboard */; };
		C1951BCB1AC808AC00A6AD6F /* Images.xcassets in Resources */ = {isa = PBXBuildFile; fileRef = C1951BCA1AC808AC00A6AD6F /* Images.xcassets */; };
		C1951BCE1AC808AC00A6AD6F /* LaunchScreen.xib in Resources */ = {isa = PBXBuildFile; fileRef = C1951BCC1AC808AC00A6AD6F /* LaunchScreen.xib */; };
		C1951BDA1AC808AC00A6AD6F /* PublicCommentTests.m in Sources */ = {isa = PBXBuildFile; fileRef = C1951BD91AC808AC00A6AD6F /* PublicCommentTests.m */; };
/* End PBXBuildFile section */

/* Begin PBXContainerItemProxy section */
		C1951BD41AC808AC00A6AD6F /* PBXContainerItemProxy */ = {
			isa = PBXContainerItemProxy;
			containerPortal = C1951BB21AC808AC00A6AD6F /* Project object */;
			proxyType = 1;
			remoteGlobalIDString = C1951BB91AC808AC00A6AD6F;
			remoteInfo = PublicComment;
		};
/* End PBXContainerItemProxy section */

/* Begin PBXFileReference section */
		C1951BBA1AC808AC00A6AD6F /* PublicComment.app */ = {isa = PBXFileReference; explicitFileType = wrapper.application; includeInIndex = 0; path = PublicComment.app; sourceTree = BUILT_PRODUCTS_DIR; };
		C1951BBE1AC808AC00A6AD6F /* Info.plist */ = {isa = PBXFileReference; lastKnownFileType = text.plist.xml; path = Info.plist; sourceTree = "<group>"; };
		C1951BBF1AC808AC00A6AD6F /* main.m */ = {isa = PBXFileReference; lastKnownFileType = sourcecode.c.objc; path = main.m; sourceTree = "<group>"; };
		C1951BC11AC808AC00A6AD6F /* AppDelegate.h */ = {isa = PBXFileReference; lastKnownFileType = sourcecode.c.h; path = AppDelegate.h; sourceTree = "<group>"; };
		C1951BC21AC808AC00A6AD6F /* AppDelegate.m */ = {isa = PBXFileReference; lastKnownFileType = sourcecode.c.objc; path = AppDelegate.m; sourceTree = "<group>"; };
		C1951BC41AC808AC00A6AD6F /* ViewController.h */ = {isa = PBXFileReference; lastKnownFileType = sourcecode.c.h; path = ViewController.h; sourceTree = "<group>"; };
		C1951BC51AC808AC00A6AD6F /* ViewController.m */ = {isa = PBXFileReference; lastKnownFileType = sourcecode.c.objc; path = ViewController.m; sourceTree = "<group>"; };
		C1951BC81AC808AC00A6AD6F /* Base */ = {isa = PBXFileReference; lastKnownFileType = file.storyboard; name = Base; path = Base.lproj/Main.storyboard; sourceTree = "<group>"; };
		C1951BCA1AC808AC00A6AD6F /* Images.xcassets */ = {isa = PBXFileReference; lastKnownFileType = folder.assetcatalog; path = Images.xcassets; sourceTree = "<group>"; };
		C1951BCD1AC808AC00A6AD6F /* Base */ = {isa = PBXFileReference; lastKnownFileType = file.xib; name = Base; path = Base.lproj/LaunchScreen.xib; sourceTree = "<group>"; };
		C1951BD31AC808AC00A6AD6F /* PublicCommentTests.xctest */ = {isa = PBXFileReference; explicitFileType = wrapper.cfbundle; includeInIndex = 0; path = PublicCommentTests.xctest; sourceTree = BUILT_PRODUCTS_DIR; };
		C1951BD81AC808AC00A6AD6F /* Info.plist */ = {isa = PBXFileReference; lastKnownFileType = text.plist.xml; path = Info.plist; sourceTree = "<group>"; };
		C1951BD91AC808AC00A6AD6F /* PublicCommentTests.m */ = {isa = PBXFileReference; lastKnownFileType = sourcecode.c.objc; path = PublicCommentTests.m; sourceTree = "<group>"; };
/* End PBXFileReference section */

/* Begin PBXFrameworksBuildPhase section */
		C1951BB71AC808AC00A6AD6F /* Frameworks */ = {
			isa = PBXFrameworksBuildPhase;
			buildActionMask = 2147483647;
			files = (
			);
			runOnlyForDeploymentPostprocessing = 0;
		};
		C1951BD01AC808AC00A6AD6F /* Frameworks */ = {
			isa = PBXFrameworksBuildPhase;
			buildActionMask = 2147483647;
			files = (
			);
			runOnlyForDeploymentPostprocessing = 0;
		};
/* End PBXFrameworksBuildPhase section */

/* Begin PBXGroup section */
		C1951BB11AC808AC00A6AD6F = {
			isa = PBXGroup;
			children = (
				C1951BBC1AC808AC00A6AD6F /* PublicComment */,
				C1951BD61AC808AC00A6AD6F /* PublicCommentTests */,
				C1951BBB1AC808AC00A6AD6F /* Products */,
			);
			sourceTree = "<group>";
		};
		C1951BBB1AC808AC00A6AD6F /* Products */ = {
			isa = PBXGroup;
			children = (
				C1951BBA1AC808AC00A6AD6F /* PublicComment.app */,
				C1951BD31AC808AC00A6AD6F /* PublicCommentTests.xctest */,
			);
			name = Products;
			sourceTree = "<group>";
		};
		C1951BBC1AC808AC00A6AD6F /* PublicComment */ = {
			isa = PBXGroup;
			children = (
				C1951BC11AC808AC00A6AD6F /* AppDelegate.h */,
				C1951BC21AC808AC00A6AD6F /* AppDelegate.m */,
				C1951BC41AC808AC00A6AD6F /* ViewController.h */,
				C1951BC51AC808AC00A6AD6F /* ViewController.m */,
				C1951BC71AC808AC00A6AD6F /* Main.storyboard */,
				C1951BCA1AC808AC00A6AD6F /* Images.xcassets */,
				C1951BCC1AC808AC00A6AD6F /* LaunchScreen.xib */,
				C1951BBD1AC808AC00A6AD6F /* Supporting Files */,
			);
			path = PublicComment;
			sourceTree = "<group>";
		};
		C1951BBD1AC808AC00A6AD6F /* Supporting Files */ = {
			isa = PBXGroup;
			children = (
				C1951BBE1AC808AC00A6AD6F /* Info.plist */,
				C1951BBF1AC808AC00A6AD6F /* main.m */,
			);
			name = "Supporting Files";
			sourceTree = "<group>";
		};
		C1951BD61AC808AC00A6AD6F /* PublicCommentTests */ = {
			isa = PBXGroup;
			children = (
				C1951BD91AC808AC00A6AD6F /* PublicCommentTests.m */,
				C1951BD71AC808AC00A6AD6F /* Supporting Files */,
			);
			path = PublicCommentTests;
			sourceTree = "<group>";
		};
		C1951BD71AC808AC00A6AD6F /* Supporting Files */ = {
			isa = PBXGroup;
			children = (
				C1951BD81AC808AC00A6AD6F /* Info.plist */,
			);
			name = "Supporting Files";
			sourceTree = "<group>";
		};
/* End PBXGroup section */

/* Begin PBXNativeTarget section */
		C1951BB91AC808AC00A6AD6F /* PublicComment */ = {
			isa = PBXNativeTarget;
			buildConfigurationList = C1951BDD1AC808AC00A6AD6F /* Build configuration list for PBXNativeTarget "PublicComment" */;
			buildPhases = (
				C1951BB61AC808AC00A6AD6F /* Sources */,
				C1951BB71AC808AC00A6AD6F /* Frameworks */,
				C1951BB81AC808AC00A6AD6F /* Resources */,
			);
			buildRules = (
			);
			dependencies = (
			);
			name = PublicComment;
			productName = PublicComment;
			productReference = C1951BBA1AC808AC00A6AD6F /* PublicComment.app */;
			productType = "com.apple.product-type.application";
		};
		C1951BD21AC808AC00A6AD6F /* PublicCommentTests */ = {
			isa = PBXNativeTarget;
			buildConfigurationList = C1951BE01AC808AC00A6AD6F /* Build configuration list for PBXNativeTarget "PublicCommentTests" */;
			buildPhases = (
				C1951BCF1AC808AC00A6AD6F /* Sources */,
				C1951BD01AC808AC00A6AD6F /* Frameworks */,
				C1951BD11AC808AC00A6AD6F /* Resources */,
			);
			buildRules = (
			);
			dependencies = (
				C1951BD51AC808AC00A6AD6F /* PBXTargetDependency */,
			);
			name = PublicCommentTests;
			productName = PublicCommentTests;
			productReference = C1951BD31AC808AC00A6AD6F /* PublicCommentTests.xctest */;
			productType = "com.apple.product-type.bundle.unit-test";
		};
/* End PBXNativeTarget section */

/* Begin PBXProject section */
		C1951BB21AC808AC00A6AD6F /* Project object */ = {
			isa = PBXProject;
			attributes = {
				LastUpgradeCheck = 0620;
				ORGANIZATIONNAME = Catherine;
				TargetAttributes = {
					C1951BB91AC808AC00A6AD6F = {
						CreatedOnToolsVersion = 6.2;
					};
					C1951BD21AC808AC00A6AD6F = {
						CreatedOnToolsVersion = 6.2;
						TestTargetID = C1951BB91AC808AC00A6AD6F;
					};
				};
			};
			buildConfigurationList = C1951BB51AC808AC00A6AD6F /* Build configuration list for PBXProject "PublicComment" */;
			compatibilityVersion = "Xcode 3.2";
			developmentRegion = English;
			hasScannedForEncodings = 0;
			knownRegions = (
				en,
				Base,
			);
			mainGroup = C1951BB11AC808AC00A6AD6F;
			productRefGroup = C1951BBB1AC808AC00A6AD6F /* Products */;
			projectDirPath = "";
			projectRoot = "";
			targets = (
				C1951BB91AC808AC00A6AD6F /* PublicComment */,
				C1951BD21AC808AC00A6AD6F /* PublicCommentTests */,
			);
		};
/* End PBXProject section */

/* Begin PBXResourcesBuildPhase section */
		C1951BB81AC808AC00A6AD6F /* Resources */ = {
			isa = PBXResourcesBuildPhase;
			buildActionMask = 2147483647;
			files = (
				C1951BC91AC808AC00A6AD6F /* Main.storyboard in Resources */,
				C1951BCE1AC808AC00A6AD6F /* LaunchScreen.xib in Resources */,
				C1951BCB1AC808AC00A6AD6F /* Images.xcassets in Resources */,
			);
			runOnlyForDeploymentPostprocessing = 0;
		};
		C1951BD11AC808AC00A6AD6F /* Resources */ = {
			isa = PBXResourcesBuildPhase;
			buildActionMask = 2147483647;
			files = (
			);
			runOnlyForDeploymentPostprocessing = 0;
		};
/* End PBXResourcesBuildPhase section */

/* Begin PBXSourcesBuildPhase section */
		C1951BB61AC808AC00A6AD6F /* Sources */ = {
			isa = PBXSourcesBuildPhase;
			buildActionMask = 2147483647;
			files = (
				C1951BC61AC808AC00A6AD6F /* ViewController.m in Sources */,
				C1951BC31AC808AC00A6AD6F /* AppDelegate.m in Sources */,
				C1951BC01AC808AC00A6AD6F /* main.m in Sources */,
			);
			runOnlyForDeploymentPostprocessing = 0;
		};
		C1951BCF1AC808AC00A6AD6F /* Sources */ = {
			isa = PBXSourcesBuildPhase;
			buildActionMask = 2147483647;
			files = (
				C1951BDA1AC808AC00A6AD6F /* PublicCommentTests.m in Sources */,
			);
			runOnlyForDeploymentPostprocessing = 0;
		};
/* End PBXSourcesBuildPhase section */

/* Begin PBXTargetDependency section */
		C1951BD51AC808AC00A6AD6F /* PBXTargetDependency */ = {
			isa = PBXTargetDependency;
			target = C1951BB91AC808AC00A6AD6F /* PublicComment */;
			targetProxy = C1951BD41AC808AC00A6AD6F /* PBXContainerItemProxy */;
		};
/* End PBXTargetDependency section */

/* Begin PBXVariantGroup section */
		C1951BC71AC808AC00A6AD6F /* Main.storyboard */ = {
			isa = PBXVariantGroup;
			children = (
				C1951BC81AC808AC00A6AD6F /* Base */,
			);
			name = Main.storyboard;
			sourceTree = "<group>";
		};
		C1951BCC1AC808AC00A6AD6F /* LaunchScreen.xib */ = {
			isa = PBXVariantGroup;
			children = (
				C1951BCD1AC808AC00A6AD6F /* Base */,
			);
			name = LaunchScreen.xib;
			sourceTree = "<group>";
		};
/* End PBXVariantGroup section */

/* Begin XCBuildConfiguration section */
		C1951BDB1AC808AC00A6AD6F /* Debug */ = {
			isa = XCBuildConfiguration;
			buildSettings = {
				ALWAYS_SEARCH_USER_PATHS = NO;
				CLANG_CXX_LANGUAGE_STANDARD = "gnu++0x";
				CLANG_CXX_LIBRARY = "libc++";
				CLANG_ENABLE_MODULES = YES;
				CLANG_ENABLE_OBJC_ARC = YES;
				CLANG_WARN_BOOL_CONVERSION = YES;
				CLANG_WARN_CONSTANT_CONVERSION = YES;
				CLANG_WARN_DIRECT_OBJC_ISA_USAGE = YES_ERROR;
				CLANG_WARN_EMPTY_BODY = YES;
				CLANG_WARN_ENUM_CONVERSION = YES;
				CLANG_WARN_INT_CONVERSION = YES;
				CLANG_WARN_OBJC_ROOT_CLASS = YES_ERROR;
				CLANG_WARN_UNREACHABLE_CODE = YES;
				CLANG_WARN__DUPLICATE_METHOD_MATCH = YES;
				"CODE_SIGN_IDENTITY[sdk=iphoneos*]" = "iPhone Developer";
				COPY_PHASE_STRIP = NO;
				ENABLE_STRICT_OBJC_MSGSEND = YES;
				GCC_C_LANGUAGE_STANDARD = gnu99;
				GCC_DYNAMIC_NO_PIC = NO;
				GCC_OPTIMIZATION_LEVEL = 0;
				GCC_PREPROCESSOR_DEFINITIONS = (
					"DEBUG=1",
					"$(inherited)",
				);
				GCC_SYMBOLS_PRIVATE_EXTERN = NO;
				GCC_WARN_64_TO_32_BIT_CONVERSION = YES;
				GCC_WARN_ABOUT_RETURN_TYPE = YES_ERROR;
				GCC_WARN_UNDECLARED_SELECTOR = YES;
				GCC_WARN_UNINITIALIZED_AUTOS = YES_AGGRESSIVE;
				GCC_WARN_UNUSED_FUNCTION = YES;
				GCC_WARN_UNUSED_VARIABLE = YES;
				IPHONEOS_DEPLOYMENT_TARGET = 8.2;
				MTL_ENABLE_DEBUG_INFO = YES;
				ONLY_ACTIVE_ARCH = YES;
				SDKROOT = iphoneos;
				TARGETED_DEVICE_FAMILY = "1,2";
			};
			name = Debug;
		};
		C1951BDC1AC808AC00A6AD6F /* Release */ = {
			isa = XCBuildConfiguration;
			buildSettings = {
				ALWAYS_SEARCH_USER_PATHS = NO;
				CLANG_CXX_LANGUAGE_STANDARD = "gnu++0x";
				CLANG_CXX_LIBRARY = "libc++";
				CLANG_ENABLE_MODULES = YES;
				CLANG_ENABLE_OBJC_ARC = YES;
				CLANG_WARN_BOOL_CONVERSION = YES;
				CLANG_WARN_CONSTANT_CONVERSION = YES;
				CLANG_WARN_DIRECT_OBJC_ISA_USAGE = YES_ERROR;
				CLANG_WARN_EMPTY_BODY = YES;
				CLANG_WARN_ENUM_CONVERSION = YES;
				CLANG_WARN_INT_CONVERSION = YES;
				CLANG_WARN_OBJC_ROOT_CLASS = YES_ERROR;
				CLANG_WARN_UNREACHABLE_CODE = YES;
				CLANG_WARN__DUPLICATE_METHOD_MATCH = YES;
				"CODE_SIGN_IDENTITY[sdk=iphoneos*]" = "iPhone Developer";
				COPY_PHASE_STRIP = NO;
				ENABLE_NS_ASSERTIONS = NO;
				ENABLE_STRICT_OBJC_MSGSEND = YES;
				GCC_C_LANGUAGE_STANDARD = gnu99;
				GCC_WARN_64_TO_32_BIT_CONVERSION = YES;
				GCC_WARN_ABOUT_RETURN_TYPE = YES_ERROR;
				GCC_WARN_UNDECLARED_SELECTOR = YES;
				GCC_WARN_UNINITIALIZED_AUTOS = YES_AGGRESSIVE;
				GCC_WARN_UNUSED_FUNCTION = YES;
				GCC_WARN_UNUSED_VARIABLE = YES;
				IPHONEOS_DEPLOYMENT_TARGET = 8.2;
				MTL_ENABLE_DEBUG_INFO = NO;
				SDKROOT = iphoneos;
				TARGETED_DEVICE_FAMILY = "1,2";
				VALIDATE_PRODUCT = YES;
			};
			name = Release;
		};
		C1951BDE1AC808AC00A6AD6F /* Debug */ = {
			isa = XCBuildConfiguration;
			buildSettings = {
				ASSETCATALOG_COMPILER_APPICON_NAME = AppIcon;
				INFOPLIST_FILE = PublicComment/Info.plist;
				LD_RUNPATH_SEARCH_PATHS = "$(inherited) @executable_path/Frameworks";
				PRODUCT_NAME = "$(TARGET_NAME)";
			};
			name = Debug;
		};
		C1951BDF1AC808AC00A6AD6F /* Release */ = {
			isa = XCBuildConfiguration;
			buildSettings = {
				ASSETCATALOG_COMPILER_APPICON_NAME = AppIcon;
				INFOPLIST_FILE = PublicComment/Info.plist;
				LD_RUNPATH_SEARCH_PATHS = "$(inherited) @executable_path/Frameworks";
				PRODUCT_NAME = "$(TARGET_NAME)";
			};
			name = Release;
		};
		C1951BE11AC808AC00A6AD6F /* Debug */ = {
			isa = XCBuildConfiguration;
			buildSettings = {
				BUNDLE_LOADER = "$(TEST_HOST)";
				FRAMEWORK_SEARCH_PATHS = (
					"$(SDKROOT)/Developer/Library/Frameworks",
					"$(inherited)",
				);
				GCC_PREPROCESSOR_DEFINITIONS = (
					"DEBUG=1",
					"$(inherited)",
				);
				INFOPLIST_FILE = PublicCommentTests/Info.plist;
				LD_RUNPATH_SEARCH_PATHS = "$(inherited) @executable_path/Frameworks @loader_path/Frameworks";
				PRODUCT_NAME = "$(TARGET_NAME)";
				TEST_HOST = "$(BUILT_PRODUCTS_DIR)/PublicComment.app/PublicComment";
			};
			name = Debug;
		};
		C1951BE21AC808AC00A6AD6F /* Release */ = {
			isa = XCBuildConfiguration;
			buildSettings = {
				BUNDLE_LOADER = "$(TEST_HOST)";
				FRAMEWORK_SEARCH_PATHS = (
					"$(SDKROOT)/Developer/Library/Frameworks",
					"$(inherited)",
				);
				INFOPLIST_FILE = PublicCommentTests/Info.plist;
				LD_RUNPATH_SEARCH_PATHS = "$(inherited) @executable_path/Frameworks @loader_path/Frameworks";
				PRODUCT_NAME = "$(TARGET_NAME)";
				TEST_HOST = "$(BUILT_PRODUCTS_DIR)/PublicComment.app/PublicComment";
			};
			name = Release;
		};
/* End XCBuildConfiguration section */

/* Begin XCConfigurationList section */
		C1951BB51AC808AC00A6AD6F /* Build configuration list for PBXProject "PublicComment" */ = {
			isa = XCConfigurationList;
			buildConfigurations = (
				C1951BDB1AC808AC00A6AD6F /* Debug */,
				C1951BDC1AC808AC00A6AD6F /* Release */,
			);
			defaultConfigurationIsVisible = 0;
			defaultConfigurationName = Release;
		};
		C1951BDD1AC808AC00A6AD6F /* Build configuration list for PBXNativeTarget "PublicComment" */ = {
			isa = XCConfigurationList;
			buildConfigurations = (
				C1951BDE1AC808AC00A6AD6F /* Debug */,
				C1951BDF1AC808AC00A6AD6F /* Release */,
			);
			defaultConfigurationIsVisible = 0;
		};
		C1951BE01AC808AC00A6AD6F /* Build configuration list for PBXNativeTarget "PublicCommentTests" */ = {
			isa = XCConfigurationList;
			buildConfigurations = (
				C1951BE11AC808AC00A6AD6F /* Debug */,
				C1951BE21AC808AC00A6AD6F /* Release */,
			);
			defaultConfigurationIsVisible = 0;
		};
/* End XCConfigurationList section */
	};
	rootObject = C1951BB21AC808AC00A6AD6F /* Project object */;
}
